
Microsoft Visual Studio Solution File, Format Version 12.00
# Visual Studio Version 16
VisualStudioVersion = 16.0.29209.62
MinimumVisualStudioVersion = 10.0.40219.1
Project("{FAE04EC0-301F-11D3-BF4B-00C04F79EFBC}") = "ThucDon", "ThucDon.csproj", "{04A8E30C-BB7F-4976-8902-345BDA956CCD}"
EndProject
Global
	GlobalSection(SolutionConfigurationPlatforms) = preSolution
		Debug|Any CPU = Debug|Any CPU
		Release|Any CPU = Release|Any CPU
	EndGlobalSection
	GlobalSection(ProjectConfigurationPlatforms) = postSolution
		{04A8E30C-BB7F-4976-8902-345BDA956CCD}.Debug|Any CPU.ActiveCfg = Debug|Any CPU
		{04A8E30C-BB7F-4976-8902-345BDA956CCD}.Debug|Any CPU.Build.0 = Debug|Any CPU
		{04A8E30C-BB7F-4976-8902-345BDA956CCD}.Release|Any CPU.ActiveCfg = Release|Any CPU
		{04A8E30C-BB7F-4976-8902-345BDA956CCD}.Release|Any CPU.Build.0 = Release|Any CPU
	EndGlobalSection
	GlobalSection(SolutionProperties) = preSolution
		HideSolutionNode = FALSE
	EndGlobalSection
	GlobalSection(ExtensibilityGlobals) = postSolution
		SolutionGuid = {2299787C-B657-410E-9A39-20240AC2D1E3}
	EndGlobalSection
EndGlobal
